
Microsoft Visual Studio Solution File, Format Version 12.00
# Visual Studio 15
VisualStudioVersion = 15.0.27703.2042
MinimumVisualStudioVersion = 10.0.40219.1
Project("{FAE04EC0-301F-11D3-BF4B-00C04F79EFBC}") = "DemoSignalR.Model", "DemoSignalR.Model\DemoSignalR.Model.csproj", "{A512363F-B0DF-4E66-9BF2-ABBF8CF1AA7E}"
EndProject
Project("{F184B08F-C81C-45F6-A57F-5ABD9991F28F}") = "DemoSignalR.Server", "DemoSignalR.Server\DemoSignalR.Server.vbproj", "{38ACFD08-77AC-4CAD-89B2-9ED5ECE2748E}"
EndProject
Project("{F184B08F-C81C-45F6-A57F-5ABD9991F28F}") = "DemoSignalR.Client", "DemoSignalR.Client\DemoSignalR.Client.vbproj", "{78915D9A-0B2C-488B-87E8-E41FAA94C146}"
EndProject
Project("{F184B08F-C81C-45F6-A57F-5ABD9991F28F}") = "DemoSignalR.WebApi", "DemoSignalR.WebApi\DemoSignalR.WebApi.vbproj", "{18F14B5B-3259-4F95-BA68-7F91C8F8E821}"
EndProject
Project("{FAE04EC0-301F-11D3-BF4B-00C04F79EFBC}") = "DemoSignalR.APIRef", "DemoSignalR.APIRef\DemoSignalR.APIRef.csproj", "{100DF9EE-95B3-4CCF-880C-9EB696416CDC}"
EndProject
Global
	GlobalSection(SolutionConfigurationPlatforms) = preSolution
		Debug|Any CPU = Debug|Any CPU
		Release|Any CPU = Release|Any CPU
	EndGlobalSection
	GlobalSection(ProjectConfigurationPlatforms) = postSolution
		{A512363F-B0DF-4E66-9BF2-ABBF8CF1AA7E}.Debug|Any CPU.ActiveCfg = Debug|Any CPU
		{A512363F-B0DF-4E66-9BF2-ABBF8CF1AA7E}.Debug|Any CPU.Build.0 = Debug|Any CPU
		{A512363F-B0DF-4E66-9BF2-ABBF8CF1AA7E}.Release|Any CPU.ActiveCfg = Release|Any CPU
		{A512363F-B0DF-4E66-9BF2-ABBF8CF1AA7E}.Release|Any CPU.Build.0 = Release|Any CPU
		{38ACFD08-77AC-4CAD-89B2-9ED5ECE2748E}.Debug|Any CPU.ActiveCfg = Debug|Any CPU
		{38ACFD08-77AC-4CAD-89B2-9ED5ECE2748E}.Debug|Any CPU.Build.0 = Debug|Any CPU
		{38ACFD08-77AC-4CAD-89B2-9ED5ECE2748E}.Release|Any CPU.ActiveCfg = Release|Any CPU
		{38ACFD08-77AC-4CAD-89B2-9ED5ECE2748E}.Release|Any CPU.Build.0 = Release|Any CPU
		{78915D9A-0B2C-488B-87E8-E41FAA94C146}.Debug|Any CPU.ActiveCfg = Debug|Any CPU
		{78915D9A-0B2C-488B-87E8-E41FAA94C146}.Debug|Any CPU.Build.0 = Debug|Any CPU
		{78915D9A-0B2C-488B-87E8-E41FAA94C146}.Release|Any CPU.ActiveCfg = Release|Any CPU
		{78915D9A-0B2C-488B-87E8-E41FAA94C146}.Release|Any CPU.Build.0 = Release|Any CPU
		{18F14B5B-3259-4F95-BA68-7F91C8F8E821}.Debug|Any CPU.ActiveCfg = Debug|Any CPU
		{18F14B5B-3259-4F95-BA68-7F91C8F8E821}.Debug|Any CPU.Build.0 = Debug|Any CPU
		{18F14B5B-3259-4F95-BA68-7F91C8F8E821}.Release|Any CPU.ActiveCfg = Release|Any CPU
		{18F14B5B-3259-4F95-BA68-7F91C8F8E821}.Release|Any CPU.Build.0 = Release|Any CPU
		{100DF9EE-95B3-4CCF-880C-9EB696416CDC}.Debug|Any CPU.ActiveCfg = Debug|Any CPU
		{100DF9EE-95B3-4CCF-880C-9EB696416CDC}.Debug|Any CPU.Build.0 = Debug|Any CPU
		{100DF9EE-95B3-4CCF-880C-9EB696416CDC}.Release|Any CPU.ActiveCfg = Release|Any CPU
		{100DF9EE-95B3-4CCF-880C-9EB696416CDC}.Release|Any CPU.Build.0 = Release|Any CPU
	EndGlobalSection
	GlobalSection(SolutionProperties) = preSolution
		HideSolutionNode = FALSE
	EndGlobalSection
	GlobalSection(ExtensibilityGlobals) = postSolution
		SolutionGuid = {FF9C832E-3736-4739-A8D0-A6C1BB8F5577}
	EndGlobalSection
EndGlobal
